{
  "nodes": {
    "gitignore": {
      "flake": false,
      "locked": {
        "lastModified": 1790370960,
        "narHash": "sha256-FOc/YYH1ViN/GeHLN5DSDv1/Nx6q9r0ZJH+M8p3tIh4=",
        "owner": "github",
        "repo": "gitignore",
        "rev": "b06d69d5a0b82a187180dac3d46a4ebe1e40bce5",
        "type": "github"
      },
      "original": {
        "owner": "github",
        "repo": "gitignore",
        "type": "github"
      }
    },
    "home-manager": {
      "inputs": {
        "nixpkgs": [
          "nixpkgs"
        ]
      },
      "locked": {
        "lastModified": 1790365885,
        "narHash": "sha256-iQ0ebhiVo64NktTnwft9hNxlFu4j5cvljVxyJaEVIP4=",
        "owner": "nix-community",
        "repo": "home-manager",
        "rev": "7b4c5ec4bedaf1e062bbc1bcaeddbc6bd242aa1b",
        "type": "github"
      },
      "original": {
        "owner": "nix-community",
        "repo": "home-manager",
        "type": "github"
      }
    },
    "nix-darwin": {
      "inputs": {
        "nixpkgs": [
          "nixpkgs"
        ]
      },
      "locked": {
        "lastModified": 1786845137,
        "narHash": "sha256-oQFip+v0luP8NIxJzmiW4Wu8bILsbFWom5l0zonl8hQ=",
        "owner": "LnL7",
        "repo": "nix-darwin",
        "rev": "4cff07de74b50e64bdd68cd4e722ab5b6b35ee48",
        "type": "github"
      },
      "original": {
        "owner": "LnL7",
        "repo": "nix-darwin",
        "type": "github"
      }
    },
    "nixpkgs": {
      "locked": {
        "lastModified": 1790463110,
        "narHash": "sha256-hKlVl12B1dF0Q5vd9dY3lIJM5mFGWYSlXwSLAqHZ1+s=",
        "owner": "nixos",
        "repo": "nixpkgs",
        "rev": "e158d9ed9b51c98974c5e66e1ba1c9e0255fecaa",
        "type": "github"
      },
      "original": {
        "owner": "nixos",
        "ref": "nixos-unstable",
        "repo": "nixpkgs",
        "type": "github"
      }
    },
    "root": {
      "inputs": {
        "gitignore": "gitignore",
        "home-manager": "home-manager",
        "nix-darwin": "nix-darwin",
        "nixpkgs": "nixpkgs",
        "tokyonight-vim": "tokyonight-vim",
        "tokyonight-yazi": "tokyonight-yazi",
        "vim-latex": "vim-latex"
      }
    },
    "tokyonight-vim": {
      "flake": false,
      "locked": {
        "lastModified": 1619146512,
        "narHash": "sha256-ui/6xv8PH6KuQ4hG1FNMf6EUdF2wfWPNgG/GMXYvn/8=",
        "owner": "ghifarit53",
        "repo": "tokyonight-vim",
        "rev": "4e82e0f0452a6ce8f387828ec71013015515035a",
        "type": "github"
      },
      "original": {
        "owner": "ghifarit53",
        "repo": "tokyonight-vim",
        "type": "github"
      }
    },
    "tokyonight-yazi": {
      "flake": false,
      "locked": {
        "lastModified": 1767290359,
        "narHash": "sha256-LArhRteD7OQRBguV1n13gb5jkl90sOxShkDzgEf3PA0=",
        "owner": "BennyOe",
        "repo": "tokyo-night.yazi",
        "rev": "8e6296f14daff24151c736ebd0b9b6cd89b02b03",
        "type": "github"
      },
      "original": {
        "owner": "BennyOe",
        "repo": "tokyo-night.yazi",
        "type": "github"
      }
    },
    "vim-latex": {
      "flake": false,
      "locked": {
        "lastModified": 1643218060,
        "narHash": "sha256-mEpTYOQPjLevDlnK5JmbUj/uykS3Y3jY3xZi5sUfKtk=",
        "owner": "jcf",
        "repo": "vim-latex",
        "rev": "a939dbb881e53c595092d925a275ea63962b3890",
        "type": "github"
      },
      "original": {
        "owner": "jcf",
        "repo": "vim-latex",
        "type": "github"
      }
    }
  },
  "root": "root",
  "version": 7
}
