{
  "nodes": {
    "allium": {
      "flake": false,
      "locked": {
        "lastModified": 1777041626,
        "narHash": "sha256-def+8utmFgdcwLghB+3IdF2WLQL11sMbvWH6/pMMILE=",
        "owner": "juxt",
        "repo": "allium",
        "rev": "82da292e989d518f79189fdfef4446d0d517c277",
        "type": "github"
      },
      "original": {
        "owner": "juxt",
        "repo": "allium",
        "type": "github"
      }
    },
    "home-manager": {
      "inputs": {
        "nixpkgs": [
          "nixpkgs"
        ]
      },
      "locked": {
        "lastModified": 1778764020,
        "narHash": "sha256-SGDbsxHy/OPPYyh7pLnWueW3HbDCOwt/XpWzlsZNUGI=",
        "owner": "nix-community",
        "repo": "home-manager",
        "rev": "4f9cbe4384e00cf2cf80e99741e93f12a67a8f32",
        "type": "github"
      },
      "original": {
        "owner": "nix-community",
        "repo": "home-manager",
        "type": "github"
      }
    },
    "nix-darwin": {
      "inputs": {
        "nixpkgs": [
          "nixpkgs"
        ]
      },
      "locked": {
        "lastModified": 1777780666,
        "narHash": "sha256-8wURyQMdDkGUarSTKOGdCuFfYiwa3HbzwscUfn3STDE=",
        "owner": "LnL7",
        "repo": "nix-darwin",
        "rev": "8c62fba0854ba15c8917aed18894dbccb48a3777",
        "type": "github"
      },
      "original": {
        "owner": "LnL7",
        "repo": "nix-darwin",
        "type": "github"
      }
    },
    "nixpkgs": {
      "locked": {
        "lastModified": 1778443072,
        "narHash": "sha256-zi7/fsqM/kFdNuED//4WOCUtezGtKKqRNORjMvfwjnA=",
        "owner": "nixos",
        "repo": "nixpkgs",
        "rev": "da5ad661ba4e5ef59ba743f0d112cbc30e474f32",
        "type": "github"
      },
      "original": {
        "owner": "nixos",
        "ref": "nixos-unstable",
        "repo": "nixpkgs",
        "type": "github"
      }
    },
    "root": {
      "inputs": {
        "allium": "allium",
        "home-manager": "home-manager",
        "nix-darwin": "nix-darwin",
        "nixpkgs": "nixpkgs"
      }
    }
  },
  "root": "root",
  "version": 7
}
