{
  "nodes": {
    "allium": {
      "flake": false,
      "locked": {
        "lastModified": 1784714245,
        "narHash": "sha256-UjikkCL9OiIqMCY07+8GreBOILYJwC+W8QNP/CLwLEM=",
        "owner": "juxt",
        "repo": "allium",
        "rev": "899cb05e1418e001bf0cdbc7b542877859d138b0",
        "type": "github"
      },
      "original": {
        "owner": "juxt",
        "repo": "allium",
        "type": "github"
      }
    },
    "home-manager": {
      "inputs": {
        "nixpkgs": [
          "nixpkgs"
        ]
      },
      "locked": {
        "lastModified": 1784877405,
        "narHash": "sha256-W649GocILahx7Vb/JMx834217+OLKBrq014VmC/8+NM=",
        "owner": "nix-community",
        "repo": "home-manager",
        "rev": "32de400b6ac9f43042bca706f4a64f6ad08117e8",
        "type": "github"
      },
      "original": {
        "owner": "nix-community",
        "repo": "home-manager",
        "type": "github"
      }
    },
    "nix-darwin": {
      "inputs": {
        "nixpkgs": [
          "nixpkgs"
        ]
      },
      "locked": {
        "lastModified": 1784500460,
        "narHash": "sha256-UvORnAxTRHax7RG74W8Z2t4GvIkX6AjJ5kk0QlwZomo=",
        "owner": "LnL7",
        "repo": "nix-darwin",
        "rev": "57a3171f94705599a2499248ca5758d5eb47c0e0",
        "type": "github"
      },
      "original": {
        "owner": "LnL7",
        "repo": "nix-darwin",
        "type": "github"
      }
    },
    "nixpkgs": {
      "locked": {
        "lastModified": 1784796856,
        "narHash": "sha256-wWFrV5/Qbm+lyt5x20E/bSbfJiGKMo4RCxZV8cl/WZI=",
        "owner": "nixos",
        "repo": "nixpkgs",
        "rev": "e2587caef70cea85dd97d7daab492899902dbf5d",
        "type": "github"
      },
      "original": {
        "owner": "nixos",
        "ref": "nixos-unstable",
        "repo": "nixpkgs",
        "type": "github"
      }
    },
    "root": {
      "inputs": {
        "allium": "allium",
        "home-manager": "home-manager",
        "nix-darwin": "nix-darwin",
        "nixpkgs": "nixpkgs",
        "tokyonight-vim": "tokyonight-vim",
        "vim-latex": "vim-latex"
      }
    },
    "tokyonight-vim": {
      "flake": false,
      "locked": {
        "lastModified": 1619146512,
        "narHash": "sha256-ui/6xv8PH6KuQ4hG1FNMf6EUdF2wfWPNgG/GMXYvn/8=",
        "owner": "ghifarit53",
        "repo": "tokyonight-vim",
        "rev": "4e82e0f0452a6ce8f387828ec71013015515035a",
        "type": "github"
      },
      "original": {
        "owner": "ghifarit53",
        "repo": "tokyonight-vim",
        "type": "github"
      }
    },
    "vim-latex": {
      "flake": false,
      "locked": {
        "lastModified": 1643218060,
        "narHash": "sha256-mEpTYOQPjLevDlnK5JmbUj/uykS3Y3jY3xZi5sUfKtk=",
        "owner": "jcf",
        "repo": "vim-latex",
        "rev": "a939dbb881e53c595092d925a275ea63962b3890",
        "type": "github"
      },
      "original": {
        "owner": "jcf",
        "repo": "vim-latex",
        "type": "github"
      }
    }
  },
  "root": "root",
  "version": 7
}
